
Microsoft Visual Studio Solution File, Format Version 12.00
# Visual Studio 15
VisualStudioVersion = 15.0.26124.0
MinimumVisualStudioVersion = 15.0.26124.0
Project("{2150E333-8FDC-42A3-9474-1A3956D46DE8}") = "Services", "Services", "{CC854165-78BB-4694-BA51-C1221359B643}"
EndProject
Project("{2150E333-8FDC-42A3-9474-1A3956D46DE8}") = "MailNotifications", "MailNotifications", "{66E8AD11-2E2B-47A7-B160-7861FE13E1B1}"
EndProject
Project("{FAE04EC0-301F-11D3-BF4B-00C04F79EFBC}") = "MailNotifications.Api", "Services\MailNotifications\MailNotifications.Api\MailNotifications.Api.csproj", "{EA575C46-811D-4018-8153-EB5833914F2E}"
EndProject
Project("{2150E333-8FDC-42A3-9474-1A3956D46DE8}") = "Tickets", "Tickets", "{0DF6D44D-1FC0-4194-8FDD-5A3BCBA38C66}"
EndProject
Project("{FAE04EC0-301F-11D3-BF4B-00C04F79EFBC}") = "Tickets.Api", "Services\Tickets\Tickets.Api\Tickets.Api.csproj", "{4EAB2483-3FCC-4AA6-AE81-95061B193468}"
EndProject
Project("{FAE04EC0-301F-11D3-BF4B-00C04F79EFBC}") = "Tickets.Application", "Services\Tickets\Tickets.Application\Tickets.Application.csproj", "{84B2F01B-662E-4308-B3FE-19CCE7E3C3F2}"
EndProject
Project("{FAE04EC0-301F-11D3-BF4B-00C04F79EFBC}") = "Tickets.Infrastructure", "Services\Tickets\Tickets.Infrastructure\Tickets.Infrastructure.csproj", "{28CF2787-0177-4428-923B-AE018031DAFF}"
EndProject
Global
	GlobalSection(SolutionConfigurationPlatforms) = preSolution
		Debug|Any CPU = Debug|Any CPU
		Debug|x64 = Debug|x64
		Debug|x86 = Debug|x86
		Release|Any CPU = Release|Any CPU
		Release|x64 = Release|x64
		Release|x86 = Release|x86
	EndGlobalSection
	GlobalSection(SolutionProperties) = preSolution
		HideSolutionNode = FALSE
	EndGlobalSection
	GlobalSection(ProjectConfigurationPlatforms) = postSolution
		{EA575C46-811D-4018-8153-EB5833914F2E}.Debug|Any CPU.ActiveCfg = Debug|Any CPU
		{EA575C46-811D-4018-8153-EB5833914F2E}.Debug|Any CPU.Build.0 = Debug|Any CPU
		{EA575C46-811D-4018-8153-EB5833914F2E}.Debug|x64.ActiveCfg = Debug|Any CPU
		{EA575C46-811D-4018-8153-EB5833914F2E}.Debug|x64.Build.0 = Debug|Any CPU
		{EA575C46-811D-4018-8153-EB5833914F2E}.Debug|x86.ActiveCfg = Debug|Any CPU
		{EA575C46-811D-4018-8153-EB5833914F2E}.Debug|x86.Build.0 = Debug|Any CPU
		{EA575C46-811D-4018-8153-EB5833914F2E}.Release|Any CPU.ActiveCfg = Release|Any CPU
		{EA575C46-811D-4018-8153-EB5833914F2E}.Release|Any CPU.Build.0 = Release|Any CPU
		{EA575C46-811D-4018-8153-EB5833914F2E}.Release|x64.ActiveCfg = Release|Any CPU
		{EA575C46-811D-4018-8153-EB5833914F2E}.Release|x64.Build.0 = Release|Any CPU
		{EA575C46-811D-4018-8153-EB5833914F2E}.Release|x86.ActiveCfg = Release|Any CPU
		{EA575C46-811D-4018-8153-EB5833914F2E}.Release|x86.Build.0 = Release|Any CPU
		{4EAB2483-3FCC-4AA6-AE81-95061B193468}.Debug|Any CPU.ActiveCfg = Debug|Any CPU
		{4EAB2483-3FCC-4AA6-AE81-95061B193468}.Debug|Any CPU.Build.0 = Debug|Any CPU
		{4EAB2483-3FCC-4AA6-AE81-95061B193468}.Debug|x64.ActiveCfg = Debug|Any CPU
		{4EAB2483-3FCC-4AA6-AE81-95061B193468}.Debug|x64.Build.0 = Debug|Any CPU
		{4EAB2483-3FCC-4AA6-AE81-95061B193468}.Debug|x86.ActiveCfg = Debug|Any CPU
		{4EAB2483-3FCC-4AA6-AE81-95061B193468}.Debug|x86.Build.0 = Debug|Any CPU
		{4EAB2483-3FCC-4AA6-AE81-95061B193468}.Release|Any CPU.ActiveCfg = Release|Any CPU
		{4EAB2483-3FCC-4AA6-AE81-95061B193468}.Release|Any CPU.Build.0 = Release|Any CPU
		{4EAB2483-3FCC-4AA6-AE81-95061B193468}.Release|x64.ActiveCfg = Release|Any CPU
		{4EAB2483-3FCC-4AA6-AE81-95061B193468}.Release|x64.Build.0 = Release|Any CPU
		{4EAB2483-3FCC-4AA6-AE81-95061B193468}.Release|x86.ActiveCfg = Release|Any CPU
		{4EAB2483-3FCC-4AA6-AE81-95061B193468}.Release|x86.Build.0 = Release|Any CPU
		{84B2F01B-662E-4308-B3FE-19CCE7E3C3F2}.Debug|Any CPU.ActiveCfg = Debug|Any CPU
		{84B2F01B-662E-4308-B3FE-19CCE7E3C3F2}.Debug|Any CPU.Build.0 = Debug|Any CPU
		{84B2F01B-662E-4308-B3FE-19CCE7E3C3F2}.Debug|x64.ActiveCfg = Debug|Any CPU
		{84B2F01B-662E-4308-B3FE-19CCE7E3C3F2}.Debug|x64.Build.0 = Debug|Any CPU
		{84B2F01B-662E-4308-B3FE-19CCE7E3C3F2}.Debug|x86.ActiveCfg = Debug|Any CPU
		{84B2F01B-662E-4308-B3FE-19CCE7E3C3F2}.Debug|x86.Build.0 = Debug|Any CPU
		{84B2F01B-662E-4308-B3FE-19CCE7E3C3F2}.Release|Any CPU.ActiveCfg = Release|Any CPU
		{84B2F01B-662E-4308-B3FE-19CCE7E3C3F2}.Release|Any CPU.Build.0 = Release|Any CPU
		{84B2F01B-662E-4308-B3FE-19CCE7E3C3F2}.Release|x64.ActiveCfg = Release|Any CPU
		{84B2F01B-662E-4308-B3FE-19CCE7E3C3F2}.Release|x64.Build.0 = Release|Any CPU
		{84B2F01B-662E-4308-B3FE-19CCE7E3C3F2}.Release|x86.ActiveCfg = Release|Any CPU
		{84B2F01B-662E-4308-B3FE-19CCE7E3C3F2}.Release|x86.Build.0 = Release|Any CPU
		{28CF2787-0177-4428-923B-AE018031DAFF}.Debug|Any CPU.ActiveCfg = Debug|Any CPU
		{28CF2787-0177-4428-923B-AE018031DAFF}.Debug|Any CPU.Build.0 = Debug|Any CPU
		{28CF2787-0177-4428-923B-AE018031DAFF}.Debug|x64.ActiveCfg = Debug|Any CPU
		{28CF2787-0177-4428-923B-AE018031DAFF}.Debug|x64.Build.0 = Debug|Any CPU
		{28CF2787-0177-4428-923B-AE018031DAFF}.Debug|x86.ActiveCfg = Debug|Any CPU
		{28CF2787-0177-4428-923B-AE018031DAFF}.Debug|x86.Build.0 = Debug|Any CPU
		{28CF2787-0177-4428-923B-AE018031DAFF}.Release|Any CPU.ActiveCfg = Release|Any CPU
		{28CF2787-0177-4428-923B-AE018031DAFF}.Release|Any CPU.Build.0 = Release|Any CPU
		{28CF2787-0177-4428-923B-AE018031DAFF}.Release|x64.ActiveCfg = Release|Any CPU
		{28CF2787-0177-4428-923B-AE018031DAFF}.Release|x64.Build.0 = Release|Any CPU
		{28CF2787-0177-4428-923B-AE018031DAFF}.Release|x86.ActiveCfg = Release|Any CPU
		{28CF2787-0177-4428-923B-AE018031DAFF}.Release|x86.Build.0 = Release|Any CPU
	EndGlobalSection
	GlobalSection(NestedProjects) = preSolution
		{66E8AD11-2E2B-47A7-B160-7861FE13E1B1} = {CC854165-78BB-4694-BA51-C1221359B643}
		{EA575C46-811D-4018-8153-EB5833914F2E} = {66E8AD11-2E2B-47A7-B160-7861FE13E1B1}
		{0DF6D44D-1FC0-4194-8FDD-5A3BCBA38C66} = {CC854165-78BB-4694-BA51-C1221359B643}
		{4EAB2483-3FCC-4AA6-AE81-95061B193468} = {0DF6D44D-1FC0-4194-8FDD-5A3BCBA38C66}
		{84B2F01B-662E-4308-B3FE-19CCE7E3C3F2} = {0DF6D44D-1FC0-4194-8FDD-5A3BCBA38C66}
		{28CF2787-0177-4428-923B-AE018031DAFF} = {0DF6D44D-1FC0-4194-8FDD-5A3BCBA38C66}
	EndGlobalSection
EndGlobal
