
Microsoft Visual Studio Solution File, Format Version 12.00
# Visual Studio 15
VisualStudioVersion = 15.0.26124.0
MinimumVisualStudioVersion = 15.0.26124.0
Project("{2150E333-8FDC-42A3-9474-1A3956D46DE8}") = "Services", "Services", "{B4A0D9DE-B110-4C96-BDF0-B94C3770DBD2}"
EndProject
Project("{FAE04EC0-301F-11D3-BF4B-00C04F79EFBC}") = "Orders.Api", "Services\Orders.Api\Orders.Api.csproj", "{1975DE91-B5A0-4A66-9363-10761F1DB545}"
EndProject
Project("{FAE04EC0-301F-11D3-BF4B-00C04F79EFBC}") = "Payments.Api", "Services\Payments.Api\Payments.Api.csproj", "{69137A54-F9D9-4242-A36E-9ADF451D533C}"
EndProject
Project("{FAE04EC0-301F-11D3-BF4B-00C04F79EFBC}") = "Store.Api", "Services\Store.Api\Store.Api.csproj", "{ED76FD2C-406F-4019-B14F-0144B6654CEF}"
EndProject
Project("{FAE04EC0-301F-11D3-BF4B-00C04F79EFBC}") = "Common.Application", "Services\Common.Application\Common.Application.csproj", "{61C72014-C5D6-4C42-B419-F017439E28A9}"
EndProject
Project("{FAE04EC0-301F-11D3-BF4B-00C04F79EFBC}") = "Common.Infrastructure", "Services\Common.Infrastructure\Common.Infrastructure.csproj", "{2323D7BB-8EC8-4C3B-B429-DEFAAEF91CB0}"
EndProject
Project("{FAE04EC0-301F-11D3-BF4B-00C04F79EFBC}") = "Common.Api", "Services\Common.Api\Common.Api.csproj", "{09C2C89D-4B42-45A1-AE83-395B74685EAF}"
EndProject
Project("{FAE04EC0-301F-11D3-BF4B-00C04F79EFBC}") = "Clients.Api", "Services\Clients.Api\Clients.Api.csproj", "{B474BF8D-55B4-4812-86E2-C5791347844A}"
EndProject
Project("{FAE04EC0-301F-11D3-BF4B-00C04F79EFBC}") = "Orders.Application", "Services\Orders.Application\Orders.Application.csproj", "{DB223E6E-41D9-42C7-A62E-5845D413479A}"
EndProject
Project("{FAE04EC0-301F-11D3-BF4B-00C04F79EFBC}") = "Orders.Core", "Services\Orders.Core\Orders.Core.csproj", "{930574F0-4DBF-4094-8C67-5B581639CD5D}"
EndProject
Project("{FAE04EC0-301F-11D3-BF4B-00C04F79EFBC}") = "Orders.Infrastructure", "Services\Orders.Infrastructure\Orders.Infrastructure.csproj", "{A4E13C3A-21FD-4995-A266-BC24AE624385}"
EndProject
Project("{FAE04EC0-301F-11D3-BF4B-00C04F79EFBC}") = "Clients.Application", "Services\Clients.Application\Clients.Application.csproj", "{97D84F27-BF44-4C94-A7E5-20A0413BEBB5}"
EndProject
Project("{FAE04EC0-301F-11D3-BF4B-00C04F79EFBC}") = "Store.Application", "Services\Store.Application\Store.Application.csproj", "{0134E595-F741-485A-8162-77CAB94DB995}"
EndProject
Project("{FAE04EC0-301F-11D3-BF4B-00C04F79EFBC}") = "Payments.Application", "Services\Payments.Application\Payments.Application.csproj", "{DD97985F-B18D-44A2-B348-C05BC2D43D1E}"
EndProject
Project("{FAE04EC0-301F-11D3-BF4B-00C04F79EFBC}") = "Store.Core", "Services\Store.Core\Store.Core.csproj", "{B581BF5C-9C43-44A2-8885-7E86D04D1C34}"
EndProject
Project("{FAE04EC0-301F-11D3-BF4B-00C04F79EFBC}") = "Store.Infrastructure", "Services\Store.Infrastructure\Store.Infrastructure.csproj", "{F8730761-21EA-4282-ABE9-EE015CF8A73C}"
EndProject
Global
	GlobalSection(SolutionConfigurationPlatforms) = preSolution
		Debug|Any CPU = Debug|Any CPU
		Debug|x64 = Debug|x64
		Debug|x86 = Debug|x86
		Release|Any CPU = Release|Any CPU
		Release|x64 = Release|x64
		Release|x86 = Release|x86
	EndGlobalSection
	GlobalSection(SolutionProperties) = preSolution
		HideSolutionNode = FALSE
	EndGlobalSection
	GlobalSection(ProjectConfigurationPlatforms) = postSolution
		{1975DE91-B5A0-4A66-9363-10761F1DB545}.Debug|Any CPU.ActiveCfg = Debug|Any CPU
		{1975DE91-B5A0-4A66-9363-10761F1DB545}.Debug|Any CPU.Build.0 = Debug|Any CPU
		{1975DE91-B5A0-4A66-9363-10761F1DB545}.Debug|x64.ActiveCfg = Debug|Any CPU
		{1975DE91-B5A0-4A66-9363-10761F1DB545}.Debug|x64.Build.0 = Debug|Any CPU
		{1975DE91-B5A0-4A66-9363-10761F1DB545}.Debug|x86.ActiveCfg = Debug|Any CPU
		{1975DE91-B5A0-4A66-9363-10761F1DB545}.Debug|x86.Build.0 = Debug|Any CPU
		{1975DE91-B5A0-4A66-9363-10761F1DB545}.Release|Any CPU.ActiveCfg = Release|Any CPU
		{1975DE91-B5A0-4A66-9363-10761F1DB545}.Release|Any CPU.Build.0 = Release|Any CPU
		{1975DE91-B5A0-4A66-9363-10761F1DB545}.Release|x64.ActiveCfg = Release|Any CPU
		{1975DE91-B5A0-4A66-9363-10761F1DB545}.Release|x64.Build.0 = Release|Any CPU
		{1975DE91-B5A0-4A66-9363-10761F1DB545}.Release|x86.ActiveCfg = Release|Any CPU
		{1975DE91-B5A0-4A66-9363-10761F1DB545}.Release|x86.Build.0 = Release|Any CPU
		{69137A54-F9D9-4242-A36E-9ADF451D533C}.Debug|Any CPU.ActiveCfg = Debug|Any CPU
		{69137A54-F9D9-4242-A36E-9ADF451D533C}.Debug|Any CPU.Build.0 = Debug|Any CPU
		{69137A54-F9D9-4242-A36E-9ADF451D533C}.Debug|x64.ActiveCfg = Debug|Any CPU
		{69137A54-F9D9-4242-A36E-9ADF451D533C}.Debug|x64.Build.0 = Debug|Any CPU
		{69137A54-F9D9-4242-A36E-9ADF451D533C}.Debug|x86.ActiveCfg = Debug|Any CPU
		{69137A54-F9D9-4242-A36E-9ADF451D533C}.Debug|x86.Build.0 = Debug|Any CPU
		{69137A54-F9D9-4242-A36E-9ADF451D533C}.Release|Any CPU.ActiveCfg = Release|Any CPU
		{69137A54-F9D9-4242-A36E-9ADF451D533C}.Release|Any CPU.Build.0 = Release|Any CPU
		{69137A54-F9D9-4242-A36E-9ADF451D533C}.Release|x64.ActiveCfg = Release|Any CPU
		{69137A54-F9D9-4242-A36E-9ADF451D533C}.Release|x64.Build.0 = Release|Any CPU
		{69137A54-F9D9-4242-A36E-9ADF451D533C}.Release|x86.ActiveCfg = Release|Any CPU
		{69137A54-F9D9-4242-A36E-9ADF451D533C}.Release|x86.Build.0 = Release|Any CPU
		{ED76FD2C-406F-4019-B14F-0144B6654CEF}.Debug|Any CPU.ActiveCfg = Debug|Any CPU
		{ED76FD2C-406F-4019-B14F-0144B6654CEF}.Debug|Any CPU.Build.0 = Debug|Any CPU
		{ED76FD2C-406F-4019-B14F-0144B6654CEF}.Debug|x64.ActiveCfg = Debug|Any CPU
		{ED76FD2C-406F-4019-B14F-0144B6654CEF}.Debug|x64.Build.0 = Debug|Any CPU
		{ED76FD2C-406F-4019-B14F-0144B6654CEF}.Debug|x86.ActiveCfg = Debug|Any CPU
		{ED76FD2C-406F-4019-B14F-0144B6654CEF}.Debug|x86.Build.0 = Debug|Any CPU
		{ED76FD2C-406F-4019-B14F-0144B6654CEF}.Release|Any CPU.ActiveCfg = Release|Any CPU
		{ED76FD2C-406F-4019-B14F-0144B6654CEF}.Release|Any CPU.Build.0 = Release|Any CPU
		{ED76FD2C-406F-4019-B14F-0144B6654CEF}.Release|x64.ActiveCfg = Release|Any CPU
		{ED76FD2C-406F-4019-B14F-0144B6654CEF}.Release|x64.Build.0 = Release|Any CPU
		{ED76FD2C-406F-4019-B14F-0144B6654CEF}.Release|x86.ActiveCfg = Release|Any CPU
		{ED76FD2C-406F-4019-B14F-0144B6654CEF}.Release|x86.Build.0 = Release|Any CPU
		{61C72014-C5D6-4C42-B419-F017439E28A9}.Debug|Any CPU.ActiveCfg = Debug|Any CPU
		{61C72014-C5D6-4C42-B419-F017439E28A9}.Debug|Any CPU.Build.0 = Debug|Any CPU
		{61C72014-C5D6-4C42-B419-F017439E28A9}.Debug|x64.ActiveCfg = Debug|Any CPU
		{61C72014-C5D6-4C42-B419-F017439E28A9}.Debug|x64.Build.0 = Debug|Any CPU
		{61C72014-C5D6-4C42-B419-F017439E28A9}.Debug|x86.ActiveCfg = Debug|Any CPU
		{61C72014-C5D6-4C42-B419-F017439E28A9}.Debug|x86.Build.0 = Debug|Any CPU
		{61C72014-C5D6-4C42-B419-F017439E28A9}.Release|Any CPU.ActiveCfg = Release|Any CPU
		{61C72014-C5D6-4C42-B419-F017439E28A9}.Release|Any CPU.Build.0 = Release|Any CPU
		{61C72014-C5D6-4C42-B419-F017439E28A9}.Release|x64.ActiveCfg = Release|Any CPU
		{61C72014-C5D6-4C42-B419-F017439E28A9}.Release|x64.Build.0 = Release|Any CPU
		{61C72014-C5D6-4C42-B419-F017439E28A9}.Release|x86.ActiveCfg = Release|Any CPU
		{61C72014-C5D6-4C42-B419-F017439E28A9}.Release|x86.Build.0 = Release|Any CPU
		{2323D7BB-8EC8-4C3B-B429-DEFAAEF91CB0}.Debug|Any CPU.ActiveCfg = Debug|Any CPU
		{2323D7BB-8EC8-4C3B-B429-DEFAAEF91CB0}.Debug|Any CPU.Build.0 = Debug|Any CPU
		{2323D7BB-8EC8-4C3B-B429-DEFAAEF91CB0}.Debug|x64.ActiveCfg = Debug|Any CPU
		{2323D7BB-8EC8-4C3B-B429-DEFAAEF91CB0}.Debug|x64.Build.0 = Debug|Any CPU
		{2323D7BB-8EC8-4C3B-B429-DEFAAEF91CB0}.Debug|x86.ActiveCfg = Debug|Any CPU
		{2323D7BB-8EC8-4C3B-B429-DEFAAEF91CB0}.Debug|x86.Build.0 = Debug|Any CPU
		{2323D7BB-8EC8-4C3B-B429-DEFAAEF91CB0}.Release|Any CPU.ActiveCfg = Release|Any CPU
		{2323D7BB-8EC8-4C3B-B429-DEFAAEF91CB0}.Release|Any CPU.Build.0 = Release|Any CPU
		{2323D7BB-8EC8-4C3B-B429-DEFAAEF91CB0}.Release|x64.ActiveCfg = Release|Any CPU
		{2323D7BB-8EC8-4C3B-B429-DEFAAEF91CB0}.Release|x64.Build.0 = Release|Any CPU
		{2323D7BB-8EC8-4C3B-B429-DEFAAEF91CB0}.Release|x86.ActiveCfg = Release|Any CPU
		{2323D7BB-8EC8-4C3B-B429-DEFAAEF91CB0}.Release|x86.Build.0 = Release|Any CPU
		{09C2C89D-4B42-45A1-AE83-395B74685EAF}.Debug|Any CPU.ActiveCfg = Debug|Any CPU
		{09C2C89D-4B42-45A1-AE83-395B74685EAF}.Debug|Any CPU.Build.0 = Debug|Any CPU
		{09C2C89D-4B42-45A1-AE83-395B74685EAF}.Debug|x64.ActiveCfg = Debug|Any CPU
		{09C2C89D-4B42-45A1-AE83-395B74685EAF}.Debug|x64.Build.0 = Debug|Any CPU
		{09C2C89D-4B42-45A1-AE83-395B74685EAF}.Debug|x86.ActiveCfg = Debug|Any CPU
		{09C2C89D-4B42-45A1-AE83-395B74685EAF}.Debug|x86.Build.0 = Debug|Any CPU
		{09C2C89D-4B42-45A1-AE83-395B74685EAF}.Release|Any CPU.ActiveCfg = Release|Any CPU
		{09C2C89D-4B42-45A1-AE83-395B74685EAF}.Release|Any CPU.Build.0 = Release|Any CPU
		{09C2C89D-4B42-45A1-AE83-395B74685EAF}.Release|x64.ActiveCfg = Release|Any CPU
		{09C2C89D-4B42-45A1-AE83-395B74685EAF}.Release|x64.Build.0 = Release|Any CPU
		{09C2C89D-4B42-45A1-AE83-395B74685EAF}.Release|x86.ActiveCfg = Release|Any CPU
		{09C2C89D-4B42-45A1-AE83-395B74685EAF}.Release|x86.Build.0 = Release|Any CPU
		{B474BF8D-55B4-4812-86E2-C5791347844A}.Debug|Any CPU.ActiveCfg = Debug|Any CPU
		{B474BF8D-55B4-4812-86E2-C5791347844A}.Debug|Any CPU.Build.0 = Debug|Any CPU
		{B474BF8D-55B4-4812-86E2-C5791347844A}.Debug|x64.ActiveCfg = Debug|Any CPU
		{B474BF8D-55B4-4812-86E2-C5791347844A}.Debug|x64.Build.0 = Debug|Any CPU
		{B474BF8D-55B4-4812-86E2-C5791347844A}.Debug|x86.ActiveCfg = Debug|Any CPU
		{B474BF8D-55B4-4812-86E2-C5791347844A}.Debug|x86.Build.0 = Debug|Any CPU
		{B474BF8D-55B4-4812-86E2-C5791347844A}.Release|Any CPU.ActiveCfg = Release|Any CPU
		{B474BF8D-55B4-4812-86E2-C5791347844A}.Release|Any CPU.Build.0 = Release|Any CPU
		{B474BF8D-55B4-4812-86E2-C5791347844A}.Release|x64.ActiveCfg = Release|Any CPU
		{B474BF8D-55B4-4812-86E2-C5791347844A}.Release|x64.Build.0 = Release|Any CPU
		{B474BF8D-55B4-4812-86E2-C5791347844A}.Release|x86.ActiveCfg = Release|Any CPU
		{B474BF8D-55B4-4812-86E2-C5791347844A}.Release|x86.Build.0 = Release|Any CPU
		{DB223E6E-41D9-42C7-A62E-5845D413479A}.Debug|Any CPU.ActiveCfg = Debug|Any CPU
		{DB223E6E-41D9-42C7-A62E-5845D413479A}.Debug|Any CPU.Build.0 = Debug|Any CPU
		{DB223E6E-41D9-42C7-A62E-5845D413479A}.Debug|x64.ActiveCfg = Debug|Any CPU
		{DB223E6E-41D9-42C7-A62E-5845D413479A}.Debug|x64.Build.0 = Debug|Any CPU
		{DB223E6E-41D9-42C7-A62E-5845D413479A}.Debug|x86.ActiveCfg = Debug|Any CPU
		{DB223E6E-41D9-42C7-A62E-5845D413479A}.Debug|x86.Build.0 = Debug|Any CPU
		{DB223E6E-41D9-42C7-A62E-5845D413479A}.Release|Any CPU.ActiveCfg = Release|Any CPU
		{DB223E6E-41D9-42C7-A62E-5845D413479A}.Release|Any CPU.Build.0 = Release|Any CPU
		{DB223E6E-41D9-42C7-A62E-5845D413479A}.Release|x64.ActiveCfg = Release|Any CPU
		{DB223E6E-41D9-42C7-A62E-5845D413479A}.Release|x64.Build.0 = Release|Any CPU
		{DB223E6E-41D9-42C7-A62E-5845D413479A}.Release|x86.ActiveCfg = Release|Any CPU
		{DB223E6E-41D9-42C7-A62E-5845D413479A}.Release|x86.Build.0 = Release|Any CPU
		{930574F0-4DBF-4094-8C67-5B581639CD5D}.Debug|Any CPU.ActiveCfg = Debug|Any CPU
		{930574F0-4DBF-4094-8C67-5B581639CD5D}.Debug|Any CPU.Build.0 = Debug|Any CPU
		{930574F0-4DBF-4094-8C67-5B581639CD5D}.Debug|x64.ActiveCfg = Debug|Any CPU
		{930574F0-4DBF-4094-8C67-5B581639CD5D}.Debug|x64.Build.0 = Debug|Any CPU
		{930574F0-4DBF-4094-8C67-5B581639CD5D}.Debug|x86.ActiveCfg = Debug|Any CPU
		{930574F0-4DBF-4094-8C67-5B581639CD5D}.Debug|x86.Build.0 = Debug|Any CPU
		{930574F0-4DBF-4094-8C67-5B581639CD5D}.Release|Any CPU.ActiveCfg = Release|Any CPU
		{930574F0-4DBF-4094-8C67-5B581639CD5D}.Release|Any CPU.Build.0 = Release|Any CPU
		{930574F0-4DBF-4094-8C67-5B581639CD5D}.Release|x64.ActiveCfg = Release|Any CPU
		{930574F0-4DBF-4094-8C67-5B581639CD5D}.Release|x64.Build.0 = Release|Any CPU
		{930574F0-4DBF-4094-8C67-5B581639CD5D}.Release|x86.ActiveCfg = Release|Any CPU
		{930574F0-4DBF-4094-8C67-5B581639CD5D}.Release|x86.Build.0 = Release|Any CPU
		{A4E13C3A-21FD-4995-A266-BC24AE624385}.Debug|Any CPU.ActiveCfg = Debug|Any CPU
		{A4E13C3A-21FD-4995-A266-BC24AE624385}.Debug|Any CPU.Build.0 = Debug|Any CPU
		{A4E13C3A-21FD-4995-A266-BC24AE624385}.Debug|x64.ActiveCfg = Debug|Any CPU
		{A4E13C3A-21FD-4995-A266-BC24AE624385}.Debug|x64.Build.0 = Debug|Any CPU
		{A4E13C3A-21FD-4995-A266-BC24AE624385}.Debug|x86.ActiveCfg = Debug|Any CPU
		{A4E13C3A-21FD-4995-A266-BC24AE624385}.Debug|x86.Build.0 = Debug|Any CPU
		{A4E13C3A-21FD-4995-A266-BC24AE624385}.Release|Any CPU.ActiveCfg = Release|Any CPU
		{A4E13C3A-21FD-4995-A266-BC24AE624385}.Release|Any CPU.Build.0 = Release|Any CPU
		{A4E13C3A-21FD-4995-A266-BC24AE624385}.Release|x64.ActiveCfg = Release|Any CPU
		{A4E13C3A-21FD-4995-A266-BC24AE624385}.Release|x64.Build.0 = Release|Any CPU
		{A4E13C3A-21FD-4995-A266-BC24AE624385}.Release|x86.ActiveCfg = Release|Any CPU
		{A4E13C3A-21FD-4995-A266-BC24AE624385}.Release|x86.Build.0 = Release|Any CPU
		{97D84F27-BF44-4C94-A7E5-20A0413BEBB5}.Debug|Any CPU.ActiveCfg = Debug|Any CPU
		{97D84F27-BF44-4C94-A7E5-20A0413BEBB5}.Debug|Any CPU.Build.0 = Debug|Any CPU
		{97D84F27-BF44-4C94-A7E5-20A0413BEBB5}.Debug|x64.ActiveCfg = Debug|Any CPU
		{97D84F27-BF44-4C94-A7E5-20A0413BEBB5}.Debug|x64.Build.0 = Debug|Any CPU
		{97D84F27-BF44-4C94-A7E5-20A0413BEBB5}.Debug|x86.ActiveCfg = Debug|Any CPU
		{97D84F27-BF44-4C94-A7E5-20A0413BEBB5}.Debug|x86.Build.0 = Debug|Any CPU
		{97D84F27-BF44-4C94-A7E5-20A0413BEBB5}.Release|Any CPU.ActiveCfg = Release|Any CPU
		{97D84F27-BF44-4C94-A7E5-20A0413BEBB5}.Release|Any CPU.Build.0 = Release|Any CPU
		{97D84F27-BF44-4C94-A7E5-20A0413BEBB5}.Release|x64.ActiveCfg = Release|Any CPU
		{97D84F27-BF44-4C94-A7E5-20A0413BEBB5}.Release|x64.Build.0 = Release|Any CPU
		{97D84F27-BF44-4C94-A7E5-20A0413BEBB5}.Release|x86.ActiveCfg = Release|Any CPU
		{97D84F27-BF44-4C94-A7E5-20A0413BEBB5}.Release|x86.Build.0 = Release|Any CPU
		{0134E595-F741-485A-8162-77CAB94DB995}.Debug|Any CPU.ActiveCfg = Debug|Any CPU
		{0134E595-F741-485A-8162-77CAB94DB995}.Debug|Any CPU.Build.0 = Debug|Any CPU
		{0134E595-F741-485A-8162-77CAB94DB995}.Debug|x64.ActiveCfg = Debug|Any CPU
		{0134E595-F741-485A-8162-77CAB94DB995}.Debug|x64.Build.0 = Debug|Any CPU
		{0134E595-F741-485A-8162-77CAB94DB995}.Debug|x86.ActiveCfg = Debug|Any CPU
		{0134E595-F741-485A-8162-77CAB94DB995}.Debug|x86.Build.0 = Debug|Any CPU
		{0134E595-F741-485A-8162-77CAB94DB995}.Release|Any CPU.ActiveCfg = Release|Any CPU
		{0134E595-F741-485A-8162-77CAB94DB995}.Release|Any CPU.Build.0 = Release|Any CPU
		{0134E595-F741-485A-8162-77CAB94DB995}.Release|x64.ActiveCfg = Release|Any CPU
		{0134E595-F741-485A-8162-77CAB94DB995}.Release|x64.Build.0 = Release|Any CPU
		{0134E595-F741-485A-8162-77CAB94DB995}.Release|x86.ActiveCfg = Release|Any CPU
		{0134E595-F741-485A-8162-77CAB94DB995}.Release|x86.Build.0 = Release|Any CPU
		{DD97985F-B18D-44A2-B348-C05BC2D43D1E}.Debug|Any CPU.ActiveCfg = Debug|Any CPU
		{DD97985F-B18D-44A2-B348-C05BC2D43D1E}.Debug|Any CPU.Build.0 = Debug|Any CPU
		{DD97985F-B18D-44A2-B348-C05BC2D43D1E}.Debug|x64.ActiveCfg = Debug|Any CPU
		{DD97985F-B18D-44A2-B348-C05BC2D43D1E}.Debug|x64.Build.0 = Debug|Any CPU
		{DD97985F-B18D-44A2-B348-C05BC2D43D1E}.Debug|x86.ActiveCfg = Debug|Any CPU
		{DD97985F-B18D-44A2-B348-C05BC2D43D1E}.Debug|x86.Build.0 = Debug|Any CPU
		{DD97985F-B18D-44A2-B348-C05BC2D43D1E}.Release|Any CPU.ActiveCfg = Release|Any CPU
		{DD97985F-B18D-44A2-B348-C05BC2D43D1E}.Release|Any CPU.Build.0 = Release|Any CPU
		{DD97985F-B18D-44A2-B348-C05BC2D43D1E}.Release|x64.ActiveCfg = Release|Any CPU
		{DD97985F-B18D-44A2-B348-C05BC2D43D1E}.Release|x64.Build.0 = Release|Any CPU
		{DD97985F-B18D-44A2-B348-C05BC2D43D1E}.Release|x86.ActiveCfg = Release|Any CPU
		{DD97985F-B18D-44A2-B348-C05BC2D43D1E}.Release|x86.Build.0 = Release|Any CPU
		{B581BF5C-9C43-44A2-8885-7E86D04D1C34}.Debug|Any CPU.ActiveCfg = Debug|Any CPU
		{B581BF5C-9C43-44A2-8885-7E86D04D1C34}.Debug|Any CPU.Build.0 = Debug|Any CPU
		{B581BF5C-9C43-44A2-8885-7E86D04D1C34}.Debug|x64.ActiveCfg = Debug|Any CPU
		{B581BF5C-9C43-44A2-8885-7E86D04D1C34}.Debug|x64.Build.0 = Debug|Any CPU
		{B581BF5C-9C43-44A2-8885-7E86D04D1C34}.Debug|x86.ActiveCfg = Debug|Any CPU
		{B581BF5C-9C43-44A2-8885-7E86D04D1C34}.Debug|x86.Build.0 = Debug|Any CPU
		{B581BF5C-9C43-44A2-8885-7E86D04D1C34}.Release|Any CPU.ActiveCfg = Release|Any CPU
		{B581BF5C-9C43-44A2-8885-7E86D04D1C34}.Release|Any CPU.Build.0 = Release|Any CPU
		{B581BF5C-9C43-44A2-8885-7E86D04D1C34}.Release|x64.ActiveCfg = Release|Any CPU
		{B581BF5C-9C43-44A2-8885-7E86D04D1C34}.Release|x64.Build.0 = Release|Any CPU
		{B581BF5C-9C43-44A2-8885-7E86D04D1C34}.Release|x86.ActiveCfg = Release|Any CPU
		{B581BF5C-9C43-44A2-8885-7E86D04D1C34}.Release|x86.Build.0 = Release|Any CPU
		{F8730761-21EA-4282-ABE9-EE015CF8A73C}.Debug|Any CPU.ActiveCfg = Debug|Any CPU
		{F8730761-21EA-4282-ABE9-EE015CF8A73C}.Debug|Any CPU.Build.0 = Debug|Any CPU
		{F8730761-21EA-4282-ABE9-EE015CF8A73C}.Debug|x64.ActiveCfg = Debug|Any CPU
		{F8730761-21EA-4282-ABE9-EE015CF8A73C}.Debug|x64.Build.0 = Debug|Any CPU
		{F8730761-21EA-4282-ABE9-EE015CF8A73C}.Debug|x86.ActiveCfg = Debug|Any CPU
		{F8730761-21EA-4282-ABE9-EE015CF8A73C}.Debug|x86.Build.0 = Debug|Any CPU
		{F8730761-21EA-4282-ABE9-EE015CF8A73C}.Release|Any CPU.ActiveCfg = Release|Any CPU
		{F8730761-21EA-4282-ABE9-EE015CF8A73C}.Release|Any CPU.Build.0 = Release|Any CPU
		{F8730761-21EA-4282-ABE9-EE015CF8A73C}.Release|x64.ActiveCfg = Release|Any CPU
		{F8730761-21EA-4282-ABE9-EE015CF8A73C}.Release|x64.Build.0 = Release|Any CPU
		{F8730761-21EA-4282-ABE9-EE015CF8A73C}.Release|x86.ActiveCfg = Release|Any CPU
		{F8730761-21EA-4282-ABE9-EE015CF8A73C}.Release|x86.Build.0 = Release|Any CPU
	EndGlobalSection
	GlobalSection(NestedProjects) = preSolution
		{1975DE91-B5A0-4A66-9363-10761F1DB545} = {B4A0D9DE-B110-4C96-BDF0-B94C3770DBD2}
		{69137A54-F9D9-4242-A36E-9ADF451D533C} = {B4A0D9DE-B110-4C96-BDF0-B94C3770DBD2}
		{ED76FD2C-406F-4019-B14F-0144B6654CEF} = {B4A0D9DE-B110-4C96-BDF0-B94C3770DBD2}
		{61C72014-C5D6-4C42-B419-F017439E28A9} = {B4A0D9DE-B110-4C96-BDF0-B94C3770DBD2}
		{2323D7BB-8EC8-4C3B-B429-DEFAAEF91CB0} = {B4A0D9DE-B110-4C96-BDF0-B94C3770DBD2}
		{09C2C89D-4B42-45A1-AE83-395B74685EAF} = {B4A0D9DE-B110-4C96-BDF0-B94C3770DBD2}
		{B474BF8D-55B4-4812-86E2-C5791347844A} = {B4A0D9DE-B110-4C96-BDF0-B94C3770DBD2}
		{DB223E6E-41D9-42C7-A62E-5845D413479A} = {B4A0D9DE-B110-4C96-BDF0-B94C3770DBD2}
		{930574F0-4DBF-4094-8C67-5B581639CD5D} = {B4A0D9DE-B110-4C96-BDF0-B94C3770DBD2}
		{A4E13C3A-21FD-4995-A266-BC24AE624385} = {B4A0D9DE-B110-4C96-BDF0-B94C3770DBD2}
		{97D84F27-BF44-4C94-A7E5-20A0413BEBB5} = {B4A0D9DE-B110-4C96-BDF0-B94C3770DBD2}
		{0134E595-F741-485A-8162-77CAB94DB995} = {B4A0D9DE-B110-4C96-BDF0-B94C3770DBD2}
		{DD97985F-B18D-44A2-B348-C05BC2D43D1E} = {B4A0D9DE-B110-4C96-BDF0-B94C3770DBD2}
		{B581BF5C-9C43-44A2-8885-7E86D04D1C34} = {B4A0D9DE-B110-4C96-BDF0-B94C3770DBD2}
		{F8730761-21EA-4282-ABE9-EE015CF8A73C} = {B4A0D9DE-B110-4C96-BDF0-B94C3770DBD2}
	EndGlobalSection
EndGlobal
