
Microsoft Visual Studio Solution File, Format Version 12.00
# Visual Studio 15
VisualStudioVersion = 15.0.26124.0
MinimumVisualStudioVersion = 15.0.26124.0
Project("{2150E333-8FDC-42A3-9474-1A3956D46DE8}") = "Services", "Services", "{CC854165-78BB-4694-BA51-C1221359B643}"
EndProject
Project("{2150E333-8FDC-42A3-9474-1A3956D46DE8}") = "MailNotifications", "MailNotifications", "{66E8AD11-2E2B-47A7-B160-7861FE13E1B1}"
EndProject
Project("{FAE04EC0-301F-11D3-BF4B-00C04F79EFBC}") = "MailNotifications.Api", "Services\MailNotifications.Api\MailNotifications.Api.csproj", "{EA575C46-811D-4018-8153-EB5833914F2E}"
EndProject
Project("{2150E333-8FDC-42A3-9474-1A3956D46DE8}") = "Tickets", "Tickets", "{0DF6D44D-1FC0-4194-8FDD-5A3BCBA38C66}"
EndProject
Project("{FAE04EC0-301F-11D3-BF4B-00C04F79EFBC}") = "Tickets.Api", "Services\Tickets.Api\Tickets.Api.csproj", "{4EAB2483-3FCC-4AA6-AE81-95061B193468}"
EndProject
Project("{FAE04EC0-301F-11D3-BF4B-00C04F79EFBC}") = "Tickets.Application", "Services\Tickets.Application\Tickets.Application.csproj", "{84B2F01B-662E-4308-B3FE-19CCE7E3C3F2}"
EndProject
Project("{2150E333-8FDC-42A3-9474-1A3956D46DE8}") = "Common", "Common", "{AD4D2176-8C41-4E3C-9B23-D907EF49694B}"
EndProject
Project("{FAE04EC0-301F-11D3-BF4B-00C04F79EFBC}") = "Common.Api", "Services\Common.Api\Common.Api.csproj", "{F4B3B04F-859E-44D5-BD26-FE5DB35FDD12}"
EndProject
Project("{FAE04EC0-301F-11D3-BF4B-00C04F79EFBC}") = "Common.Application", "Services\Common.Application\Common.Application.csproj", "{F22A8856-B65E-4805-9144-32140038279D}"
EndProject
Project("{FAE04EC0-301F-11D3-BF4B-00C04F79EFBC}") = "Common.Infrastructure", "Services\Common.Infrastructure\Common.Infrastructure.csproj", "{E19F3F07-9DAA-4910-BB4C-D2AE2379FEDC}"
EndProject
Project("{FAE04EC0-301F-11D3-BF4B-00C04F79EFBC}") = "MailNotifications.Application", "Services\MailNotifications.Application\MailNotifications.Application.csproj", "{39901207-0065-4187-AC13-A2B0CEDD7253}"
EndProject
Project("{FAE04EC0-301F-11D3-BF4B-00C04F79EFBC}") = "ServiceRegistry", "Services\ServiceRegistry\ServiceRegistry.csproj", "{4B8B636E-CD06-42DB-B323-CBBCC7D815A1}"
EndProject
Project("{FAE04EC0-301F-11D3-BF4B-00C04F79EFBC}") = "Users.Api", "Services\Users.Api\Users.Api.csproj", "{80AA5646-88DD-49EC-8E35-B387CE320B0A}"
EndProject
Project("{FAE04EC0-301F-11D3-BF4B-00C04F79EFBC}") = "Router", "Services\Router\Router.csproj", "{809C0F7F-2A48-4BA1-89CE-C624554F3DD7}"
EndProject
Project("{FAE04EC0-301F-11D3-BF4B-00C04F79EFBC}") = "ApiGateway", "Services\ApiGateway\ApiGateway.csproj", "{13B98191-648C-4F41-8A83-499D9CE5251B}"
EndProject
Project("{FAE04EC0-301F-11D3-BF4B-00C04F79EFBC}") = "ApiGateway.Ocelot", "Services\ApiGateway.Ocelot\ApiGateway.Ocelot.csproj", "{6BEF8623-8979-46F8-A03D-B91480342F31}"
EndProject
Global
	GlobalSection(SolutionConfigurationPlatforms) = preSolution
		Debug|Any CPU = Debug|Any CPU
		Debug|x64 = Debug|x64
		Debug|x86 = Debug|x86
		Release|Any CPU = Release|Any CPU
		Release|x64 = Release|x64
		Release|x86 = Release|x86
	EndGlobalSection
	GlobalSection(SolutionProperties) = preSolution
		HideSolutionNode = FALSE
	EndGlobalSection
	GlobalSection(ProjectConfigurationPlatforms) = postSolution
		{EA575C46-811D-4018-8153-EB5833914F2E}.Debug|Any CPU.ActiveCfg = Debug|Any CPU
		{EA575C46-811D-4018-8153-EB5833914F2E}.Debug|Any CPU.Build.0 = Debug|Any CPU
		{EA575C46-811D-4018-8153-EB5833914F2E}.Debug|x64.ActiveCfg = Debug|Any CPU
		{EA575C46-811D-4018-8153-EB5833914F2E}.Debug|x64.Build.0 = Debug|Any CPU
		{EA575C46-811D-4018-8153-EB5833914F2E}.Debug|x86.ActiveCfg = Debug|Any CPU
		{EA575C46-811D-4018-8153-EB5833914F2E}.Debug|x86.Build.0 = Debug|Any CPU
		{EA575C46-811D-4018-8153-EB5833914F2E}.Release|Any CPU.ActiveCfg = Release|Any CPU
		{EA575C46-811D-4018-8153-EB5833914F2E}.Release|Any CPU.Build.0 = Release|Any CPU
		{EA575C46-811D-4018-8153-EB5833914F2E}.Release|x64.ActiveCfg = Release|Any CPU
		{EA575C46-811D-4018-8153-EB5833914F2E}.Release|x64.Build.0 = Release|Any CPU
		{EA575C46-811D-4018-8153-EB5833914F2E}.Release|x86.ActiveCfg = Release|Any CPU
		{EA575C46-811D-4018-8153-EB5833914F2E}.Release|x86.Build.0 = Release|Any CPU
		{4EAB2483-3FCC-4AA6-AE81-95061B193468}.Debug|Any CPU.ActiveCfg = Debug|Any CPU
		{4EAB2483-3FCC-4AA6-AE81-95061B193468}.Debug|Any CPU.Build.0 = Debug|Any CPU
		{4EAB2483-3FCC-4AA6-AE81-95061B193468}.Debug|x64.ActiveCfg = Debug|Any CPU
		{4EAB2483-3FCC-4AA6-AE81-95061B193468}.Debug|x64.Build.0 = Debug|Any CPU
		{4EAB2483-3FCC-4AA6-AE81-95061B193468}.Debug|x86.ActiveCfg = Debug|Any CPU
		{4EAB2483-3FCC-4AA6-AE81-95061B193468}.Debug|x86.Build.0 = Debug|Any CPU
		{4EAB2483-3FCC-4AA6-AE81-95061B193468}.Release|Any CPU.ActiveCfg = Release|Any CPU
		{4EAB2483-3FCC-4AA6-AE81-95061B193468}.Release|Any CPU.Build.0 = Release|Any CPU
		{4EAB2483-3FCC-4AA6-AE81-95061B193468}.Release|x64.ActiveCfg = Release|Any CPU
		{4EAB2483-3FCC-4AA6-AE81-95061B193468}.Release|x64.Build.0 = Release|Any CPU
		{4EAB2483-3FCC-4AA6-AE81-95061B193468}.Release|x86.ActiveCfg = Release|Any CPU
		{4EAB2483-3FCC-4AA6-AE81-95061B193468}.Release|x86.Build.0 = Release|Any CPU
		{84B2F01B-662E-4308-B3FE-19CCE7E3C3F2}.Debug|Any CPU.ActiveCfg = Debug|Any CPU
		{84B2F01B-662E-4308-B3FE-19CCE7E3C3F2}.Debug|Any CPU.Build.0 = Debug|Any CPU
		{84B2F01B-662E-4308-B3FE-19CCE7E3C3F2}.Debug|x64.ActiveCfg = Debug|Any CPU
		{84B2F01B-662E-4308-B3FE-19CCE7E3C3F2}.Debug|x64.Build.0 = Debug|Any CPU
		{84B2F01B-662E-4308-B3FE-19CCE7E3C3F2}.Debug|x86.ActiveCfg = Debug|Any CPU
		{84B2F01B-662E-4308-B3FE-19CCE7E3C3F2}.Debug|x86.Build.0 = Debug|Any CPU
		{84B2F01B-662E-4308-B3FE-19CCE7E3C3F2}.Release|Any CPU.ActiveCfg = Release|Any CPU
		{84B2F01B-662E-4308-B3FE-19CCE7E3C3F2}.Release|Any CPU.Build.0 = Release|Any CPU
		{84B2F01B-662E-4308-B3FE-19CCE7E3C3F2}.Release|x64.ActiveCfg = Release|Any CPU
		{84B2F01B-662E-4308-B3FE-19CCE7E3C3F2}.Release|x64.Build.0 = Release|Any CPU
		{84B2F01B-662E-4308-B3FE-19CCE7E3C3F2}.Release|x86.ActiveCfg = Release|Any CPU
		{84B2F01B-662E-4308-B3FE-19CCE7E3C3F2}.Release|x86.Build.0 = Release|Any CPU
		{F4B3B04F-859E-44D5-BD26-FE5DB35FDD12}.Debug|Any CPU.ActiveCfg = Debug|Any CPU
		{F4B3B04F-859E-44D5-BD26-FE5DB35FDD12}.Debug|Any CPU.Build.0 = Debug|Any CPU
		{F4B3B04F-859E-44D5-BD26-FE5DB35FDD12}.Debug|x64.ActiveCfg = Debug|Any CPU
		{F4B3B04F-859E-44D5-BD26-FE5DB35FDD12}.Debug|x64.Build.0 = Debug|Any CPU
		{F4B3B04F-859E-44D5-BD26-FE5DB35FDD12}.Debug|x86.ActiveCfg = Debug|Any CPU
		{F4B3B04F-859E-44D5-BD26-FE5DB35FDD12}.Debug|x86.Build.0 = Debug|Any CPU
		{F4B3B04F-859E-44D5-BD26-FE5DB35FDD12}.Release|Any CPU.ActiveCfg = Release|Any CPU
		{F4B3B04F-859E-44D5-BD26-FE5DB35FDD12}.Release|Any CPU.Build.0 = Release|Any CPU
		{F4B3B04F-859E-44D5-BD26-FE5DB35FDD12}.Release|x64.ActiveCfg = Release|Any CPU
		{F4B3B04F-859E-44D5-BD26-FE5DB35FDD12}.Release|x64.Build.0 = Release|Any CPU
		{F4B3B04F-859E-44D5-BD26-FE5DB35FDD12}.Release|x86.ActiveCfg = Release|Any CPU
		{F4B3B04F-859E-44D5-BD26-FE5DB35FDD12}.Release|x86.Build.0 = Release|Any CPU
		{F22A8856-B65E-4805-9144-32140038279D}.Debug|Any CPU.ActiveCfg = Debug|Any CPU
		{F22A8856-B65E-4805-9144-32140038279D}.Debug|Any CPU.Build.0 = Debug|Any CPU
		{F22A8856-B65E-4805-9144-32140038279D}.Debug|x64.ActiveCfg = Debug|Any CPU
		{F22A8856-B65E-4805-9144-32140038279D}.Debug|x64.Build.0 = Debug|Any CPU
		{F22A8856-B65E-4805-9144-32140038279D}.Debug|x86.ActiveCfg = Debug|Any CPU
		{F22A8856-B65E-4805-9144-32140038279D}.Debug|x86.Build.0 = Debug|Any CPU
		{F22A8856-B65E-4805-9144-32140038279D}.Release|Any CPU.ActiveCfg = Release|Any CPU
		{F22A8856-B65E-4805-9144-32140038279D}.Release|Any CPU.Build.0 = Release|Any CPU
		{F22A8856-B65E-4805-9144-32140038279D}.Release|x64.ActiveCfg = Release|Any CPU
		{F22A8856-B65E-4805-9144-32140038279D}.Release|x64.Build.0 = Release|Any CPU
		{F22A8856-B65E-4805-9144-32140038279D}.Release|x86.ActiveCfg = Release|Any CPU
		{F22A8856-B65E-4805-9144-32140038279D}.Release|x86.Build.0 = Release|Any CPU
		{E19F3F07-9DAA-4910-BB4C-D2AE2379FEDC}.Debug|Any CPU.ActiveCfg = Debug|Any CPU
		{E19F3F07-9DAA-4910-BB4C-D2AE2379FEDC}.Debug|Any CPU.Build.0 = Debug|Any CPU
		{E19F3F07-9DAA-4910-BB4C-D2AE2379FEDC}.Debug|x64.ActiveCfg = Debug|Any CPU
		{E19F3F07-9DAA-4910-BB4C-D2AE2379FEDC}.Debug|x64.Build.0 = Debug|Any CPU
		{E19F3F07-9DAA-4910-BB4C-D2AE2379FEDC}.Debug|x86.ActiveCfg = Debug|Any CPU
		{E19F3F07-9DAA-4910-BB4C-D2AE2379FEDC}.Debug|x86.Build.0 = Debug|Any CPU
		{E19F3F07-9DAA-4910-BB4C-D2AE2379FEDC}.Release|Any CPU.ActiveCfg = Release|Any CPU
		{E19F3F07-9DAA-4910-BB4C-D2AE2379FEDC}.Release|Any CPU.Build.0 = Release|Any CPU
		{E19F3F07-9DAA-4910-BB4C-D2AE2379FEDC}.Release|x64.ActiveCfg = Release|Any CPU
		{E19F3F07-9DAA-4910-BB4C-D2AE2379FEDC}.Release|x64.Build.0 = Release|Any CPU
		{E19F3F07-9DAA-4910-BB4C-D2AE2379FEDC}.Release|x86.ActiveCfg = Release|Any CPU
		{E19F3F07-9DAA-4910-BB4C-D2AE2379FEDC}.Release|x86.Build.0 = Release|Any CPU
		{39901207-0065-4187-AC13-A2B0CEDD7253}.Debug|Any CPU.ActiveCfg = Debug|Any CPU
		{39901207-0065-4187-AC13-A2B0CEDD7253}.Debug|Any CPU.Build.0 = Debug|Any CPU
		{39901207-0065-4187-AC13-A2B0CEDD7253}.Debug|x64.ActiveCfg = Debug|Any CPU
		{39901207-0065-4187-AC13-A2B0CEDD7253}.Debug|x64.Build.0 = Debug|Any CPU
		{39901207-0065-4187-AC13-A2B0CEDD7253}.Debug|x86.ActiveCfg = Debug|Any CPU
		{39901207-0065-4187-AC13-A2B0CEDD7253}.Debug|x86.Build.0 = Debug|Any CPU
		{39901207-0065-4187-AC13-A2B0CEDD7253}.Release|Any CPU.ActiveCfg = Release|Any CPU
		{39901207-0065-4187-AC13-A2B0CEDD7253}.Release|Any CPU.Build.0 = Release|Any CPU
		{39901207-0065-4187-AC13-A2B0CEDD7253}.Release|x64.ActiveCfg = Release|Any CPU
		{39901207-0065-4187-AC13-A2B0CEDD7253}.Release|x64.Build.0 = Release|Any CPU
		{39901207-0065-4187-AC13-A2B0CEDD7253}.Release|x86.ActiveCfg = Release|Any CPU
		{39901207-0065-4187-AC13-A2B0CEDD7253}.Release|x86.Build.0 = Release|Any CPU
		{4B8B636E-CD06-42DB-B323-CBBCC7D815A1}.Debug|Any CPU.ActiveCfg = Debug|Any CPU
		{4B8B636E-CD06-42DB-B323-CBBCC7D815A1}.Debug|Any CPU.Build.0 = Debug|Any CPU
		{4B8B636E-CD06-42DB-B323-CBBCC7D815A1}.Debug|x64.ActiveCfg = Debug|Any CPU
		{4B8B636E-CD06-42DB-B323-CBBCC7D815A1}.Debug|x64.Build.0 = Debug|Any CPU
		{4B8B636E-CD06-42DB-B323-CBBCC7D815A1}.Debug|x86.ActiveCfg = Debug|Any CPU
		{4B8B636E-CD06-42DB-B323-CBBCC7D815A1}.Debug|x86.Build.0 = Debug|Any CPU
		{4B8B636E-CD06-42DB-B323-CBBCC7D815A1}.Release|Any CPU.ActiveCfg = Release|Any CPU
		{4B8B636E-CD06-42DB-B323-CBBCC7D815A1}.Release|Any CPU.Build.0 = Release|Any CPU
		{4B8B636E-CD06-42DB-B323-CBBCC7D815A1}.Release|x64.ActiveCfg = Release|Any CPU
		{4B8B636E-CD06-42DB-B323-CBBCC7D815A1}.Release|x64.Build.0 = Release|Any CPU
		{4B8B636E-CD06-42DB-B323-CBBCC7D815A1}.Release|x86.ActiveCfg = Release|Any CPU
		{4B8B636E-CD06-42DB-B323-CBBCC7D815A1}.Release|x86.Build.0 = Release|Any CPU
		{80AA5646-88DD-49EC-8E35-B387CE320B0A}.Debug|Any CPU.ActiveCfg = Debug|Any CPU
		{80AA5646-88DD-49EC-8E35-B387CE320B0A}.Debug|Any CPU.Build.0 = Debug|Any CPU
		{80AA5646-88DD-49EC-8E35-B387CE320B0A}.Debug|x64.ActiveCfg = Debug|Any CPU
		{80AA5646-88DD-49EC-8E35-B387CE320B0A}.Debug|x64.Build.0 = Debug|Any CPU
		{80AA5646-88DD-49EC-8E35-B387CE320B0A}.Debug|x86.ActiveCfg = Debug|Any CPU
		{80AA5646-88DD-49EC-8E35-B387CE320B0A}.Debug|x86.Build.0 = Debug|Any CPU
		{80AA5646-88DD-49EC-8E35-B387CE320B0A}.Release|Any CPU.ActiveCfg = Release|Any CPU
		{80AA5646-88DD-49EC-8E35-B387CE320B0A}.Release|Any CPU.Build.0 = Release|Any CPU
		{80AA5646-88DD-49EC-8E35-B387CE320B0A}.Release|x64.ActiveCfg = Release|Any CPU
		{80AA5646-88DD-49EC-8E35-B387CE320B0A}.Release|x64.Build.0 = Release|Any CPU
		{80AA5646-88DD-49EC-8E35-B387CE320B0A}.Release|x86.ActiveCfg = Release|Any CPU
		{80AA5646-88DD-49EC-8E35-B387CE320B0A}.Release|x86.Build.0 = Release|Any CPU
		{809C0F7F-2A48-4BA1-89CE-C624554F3DD7}.Debug|Any CPU.ActiveCfg = Debug|Any CPU
		{809C0F7F-2A48-4BA1-89CE-C624554F3DD7}.Debug|Any CPU.Build.0 = Debug|Any CPU
		{809C0F7F-2A48-4BA1-89CE-C624554F3DD7}.Debug|x64.ActiveCfg = Debug|Any CPU
		{809C0F7F-2A48-4BA1-89CE-C624554F3DD7}.Debug|x64.Build.0 = Debug|Any CPU
		{809C0F7F-2A48-4BA1-89CE-C624554F3DD7}.Debug|x86.ActiveCfg = Debug|Any CPU
		{809C0F7F-2A48-4BA1-89CE-C624554F3DD7}.Debug|x86.Build.0 = Debug|Any CPU
		{809C0F7F-2A48-4BA1-89CE-C624554F3DD7}.Release|Any CPU.ActiveCfg = Release|Any CPU
		{809C0F7F-2A48-4BA1-89CE-C624554F3DD7}.Release|Any CPU.Build.0 = Release|Any CPU
		{809C0F7F-2A48-4BA1-89CE-C624554F3DD7}.Release|x64.ActiveCfg = Release|Any CPU
		{809C0F7F-2A48-4BA1-89CE-C624554F3DD7}.Release|x64.Build.0 = Release|Any CPU
		{809C0F7F-2A48-4BA1-89CE-C624554F3DD7}.Release|x86.ActiveCfg = Release|Any CPU
		{809C0F7F-2A48-4BA1-89CE-C624554F3DD7}.Release|x86.Build.0 = Release|Any CPU
		{13B98191-648C-4F41-8A83-499D9CE5251B}.Debug|Any CPU.ActiveCfg = Debug|Any CPU
		{13B98191-648C-4F41-8A83-499D9CE5251B}.Debug|Any CPU.Build.0 = Debug|Any CPU
		{13B98191-648C-4F41-8A83-499D9CE5251B}.Debug|x64.ActiveCfg = Debug|Any CPU
		{13B98191-648C-4F41-8A83-499D9CE5251B}.Debug|x64.Build.0 = Debug|Any CPU
		{13B98191-648C-4F41-8A83-499D9CE5251B}.Debug|x86.ActiveCfg = Debug|Any CPU
		{13B98191-648C-4F41-8A83-499D9CE5251B}.Debug|x86.Build.0 = Debug|Any CPU
		{13B98191-648C-4F41-8A83-499D9CE5251B}.Release|Any CPU.ActiveCfg = Release|Any CPU
		{13B98191-648C-4F41-8A83-499D9CE5251B}.Release|Any CPU.Build.0 = Release|Any CPU
		{13B98191-648C-4F41-8A83-499D9CE5251B}.Release|x64.ActiveCfg = Release|Any CPU
		{13B98191-648C-4F41-8A83-499D9CE5251B}.Release|x64.Build.0 = Release|Any CPU
		{13B98191-648C-4F41-8A83-499D9CE5251B}.Release|x86.ActiveCfg = Release|Any CPU
		{13B98191-648C-4F41-8A83-499D9CE5251B}.Release|x86.Build.0 = Release|Any CPU
		{6BEF8623-8979-46F8-A03D-B91480342F31}.Debug|Any CPU.ActiveCfg = Debug|Any CPU
		{6BEF8623-8979-46F8-A03D-B91480342F31}.Debug|Any CPU.Build.0 = Debug|Any CPU
		{6BEF8623-8979-46F8-A03D-B91480342F31}.Debug|x64.ActiveCfg = Debug|Any CPU
		{6BEF8623-8979-46F8-A03D-B91480342F31}.Debug|x64.Build.0 = Debug|Any CPU
		{6BEF8623-8979-46F8-A03D-B91480342F31}.Debug|x86.ActiveCfg = Debug|Any CPU
		{6BEF8623-8979-46F8-A03D-B91480342F31}.Debug|x86.Build.0 = Debug|Any CPU
		{6BEF8623-8979-46F8-A03D-B91480342F31}.Release|Any CPU.ActiveCfg = Release|Any CPU
		{6BEF8623-8979-46F8-A03D-B91480342F31}.Release|Any CPU.Build.0 = Release|Any CPU
		{6BEF8623-8979-46F8-A03D-B91480342F31}.Release|x64.ActiveCfg = Release|Any CPU
		{6BEF8623-8979-46F8-A03D-B91480342F31}.Release|x64.Build.0 = Release|Any CPU
		{6BEF8623-8979-46F8-A03D-B91480342F31}.Release|x86.ActiveCfg = Release|Any CPU
		{6BEF8623-8979-46F8-A03D-B91480342F31}.Release|x86.Build.0 = Release|Any CPU
	EndGlobalSection
	GlobalSection(NestedProjects) = preSolution
		{66E8AD11-2E2B-47A7-B160-7861FE13E1B1} = {CC854165-78BB-4694-BA51-C1221359B643}
		{EA575C46-811D-4018-8153-EB5833914F2E} = {66E8AD11-2E2B-47A7-B160-7861FE13E1B1}
		{0DF6D44D-1FC0-4194-8FDD-5A3BCBA38C66} = {CC854165-78BB-4694-BA51-C1221359B643}
		{4EAB2483-3FCC-4AA6-AE81-95061B193468} = {0DF6D44D-1FC0-4194-8FDD-5A3BCBA38C66}
		{84B2F01B-662E-4308-B3FE-19CCE7E3C3F2} = {0DF6D44D-1FC0-4194-8FDD-5A3BCBA38C66}
		{AD4D2176-8C41-4E3C-9B23-D907EF49694B} = {CC854165-78BB-4694-BA51-C1221359B643}
		{F4B3B04F-859E-44D5-BD26-FE5DB35FDD12} = {AD4D2176-8C41-4E3C-9B23-D907EF49694B}
		{F22A8856-B65E-4805-9144-32140038279D} = {AD4D2176-8C41-4E3C-9B23-D907EF49694B}
		{E19F3F07-9DAA-4910-BB4C-D2AE2379FEDC} = {AD4D2176-8C41-4E3C-9B23-D907EF49694B}
		{39901207-0065-4187-AC13-A2B0CEDD7253} = {66E8AD11-2E2B-47A7-B160-7861FE13E1B1}
		{4B8B636E-CD06-42DB-B323-CBBCC7D815A1} = {CC854165-78BB-4694-BA51-C1221359B643}
		{80AA5646-88DD-49EC-8E35-B387CE320B0A} = {CC854165-78BB-4694-BA51-C1221359B643}
		{809C0F7F-2A48-4BA1-89CE-C624554F3DD7} = {CC854165-78BB-4694-BA51-C1221359B643}
		{13B98191-648C-4F41-8A83-499D9CE5251B} = {CC854165-78BB-4694-BA51-C1221359B643}
		{6BEF8623-8979-46F8-A03D-B91480342F31} = {CC854165-78BB-4694-BA51-C1221359B643}
	EndGlobalSection
EndGlobal
