
Microsoft Visual Studio Solution File, Format Version 12.00
# Visual Studio 15
VisualStudioVersion = 15.0.26124.0
MinimumVisualStudioVersion = 15.0.26124.0
Project("{FAE04EC0-301F-11D3-BF4B-00C04F79EFBC}") = "Tickets.Api", "Tickets.Api\Tickets.Api.csproj", "{17526200-B04E-4457-82F9-E1FD7EDAF64D}"
EndProject
Project("{FAE04EC0-301F-11D3-BF4B-00C04F79EFBC}") = "Tickets.Application", "Tickets.Application\Tickets.Application.csproj", "{1173B292-880B-48B4-9E6D-D15AD3950859}"
EndProject
Project("{FAE04EC0-301F-11D3-BF4B-00C04F79EFBC}") = "Tickets.Infrastructure", "Tickets.Infrastructure\Tickets.Infrastructure.csproj", "{4C502DA2-7DC0-4EAF-9682-275CD9E3E5E6}"
EndProject
Global
	GlobalSection(SolutionProperties) = preSolution
		HideSolutionNode = FALSE
	EndGlobalSection
	GlobalSection(SolutionConfigurationPlatforms) = preSolution
		Debug|Any CPU = Debug|Any CPU
		Debug|x64 = Debug|x64
		Debug|x86 = Debug|x86
		Release|Any CPU = Release|Any CPU
		Release|x64 = Release|x64
		Release|x86 = Release|x86
	EndGlobalSection
	GlobalSection(ProjectConfigurationPlatforms) = postSolution
		{17526200-B04E-4457-82F9-E1FD7EDAF64D}.Debug|Any CPU.ActiveCfg = Debug|Any CPU
		{17526200-B04E-4457-82F9-E1FD7EDAF64D}.Debug|Any CPU.Build.0 = Debug|Any CPU
		{17526200-B04E-4457-82F9-E1FD7EDAF64D}.Debug|x64.ActiveCfg = Debug|Any CPU
		{17526200-B04E-4457-82F9-E1FD7EDAF64D}.Debug|x64.Build.0 = Debug|Any CPU
		{17526200-B04E-4457-82F9-E1FD7EDAF64D}.Debug|x86.ActiveCfg = Debug|Any CPU
		{17526200-B04E-4457-82F9-E1FD7EDAF64D}.Debug|x86.Build.0 = Debug|Any CPU
		{17526200-B04E-4457-82F9-E1FD7EDAF64D}.Release|Any CPU.ActiveCfg = Release|Any CPU
		{17526200-B04E-4457-82F9-E1FD7EDAF64D}.Release|Any CPU.Build.0 = Release|Any CPU
		{17526200-B04E-4457-82F9-E1FD7EDAF64D}.Release|x64.ActiveCfg = Release|Any CPU
		{17526200-B04E-4457-82F9-E1FD7EDAF64D}.Release|x64.Build.0 = Release|Any CPU
		{17526200-B04E-4457-82F9-E1FD7EDAF64D}.Release|x86.ActiveCfg = Release|Any CPU
		{17526200-B04E-4457-82F9-E1FD7EDAF64D}.Release|x86.Build.0 = Release|Any CPU
		{1173B292-880B-48B4-9E6D-D15AD3950859}.Debug|Any CPU.ActiveCfg = Debug|Any CPU
		{1173B292-880B-48B4-9E6D-D15AD3950859}.Debug|Any CPU.Build.0 = Debug|Any CPU
		{1173B292-880B-48B4-9E6D-D15AD3950859}.Debug|x64.ActiveCfg = Debug|Any CPU
		{1173B292-880B-48B4-9E6D-D15AD3950859}.Debug|x64.Build.0 = Debug|Any CPU
		{1173B292-880B-48B4-9E6D-D15AD3950859}.Debug|x86.ActiveCfg = Debug|Any CPU
		{1173B292-880B-48B4-9E6D-D15AD3950859}.Debug|x86.Build.0 = Debug|Any CPU
		{1173B292-880B-48B4-9E6D-D15AD3950859}.Release|Any CPU.ActiveCfg = Release|Any CPU
		{1173B292-880B-48B4-9E6D-D15AD3950859}.Release|Any CPU.Build.0 = Release|Any CPU
		{1173B292-880B-48B4-9E6D-D15AD3950859}.Release|x64.ActiveCfg = Release|Any CPU
		{1173B292-880B-48B4-9E6D-D15AD3950859}.Release|x64.Build.0 = Release|Any CPU
		{1173B292-880B-48B4-9E6D-D15AD3950859}.Release|x86.ActiveCfg = Release|Any CPU
		{1173B292-880B-48B4-9E6D-D15AD3950859}.Release|x86.Build.0 = Release|Any CPU
		{4C502DA2-7DC0-4EAF-9682-275CD9E3E5E6}.Debug|Any CPU.ActiveCfg = Debug|Any CPU
		{4C502DA2-7DC0-4EAF-9682-275CD9E3E5E6}.Debug|Any CPU.Build.0 = Debug|Any CPU
		{4C502DA2-7DC0-4EAF-9682-275CD9E3E5E6}.Debug|x64.ActiveCfg = Debug|Any CPU
		{4C502DA2-7DC0-4EAF-9682-275CD9E3E5E6}.Debug|x64.Build.0 = Debug|Any CPU
		{4C502DA2-7DC0-4EAF-9682-275CD9E3E5E6}.Debug|x86.ActiveCfg = Debug|Any CPU
		{4C502DA2-7DC0-4EAF-9682-275CD9E3E5E6}.Debug|x86.Build.0 = Debug|Any CPU
		{4C502DA2-7DC0-4EAF-9682-275CD9E3E5E6}.Release|Any CPU.ActiveCfg = Release|Any CPU
		{4C502DA2-7DC0-4EAF-9682-275CD9E3E5E6}.Release|Any CPU.Build.0 = Release|Any CPU
		{4C502DA2-7DC0-4EAF-9682-275CD9E3E5E6}.Release|x64.ActiveCfg = Release|Any CPU
		{4C502DA2-7DC0-4EAF-9682-275CD9E3E5E6}.Release|x64.Build.0 = Release|Any CPU
		{4C502DA2-7DC0-4EAF-9682-275CD9E3E5E6}.Release|x86.ActiveCfg = Release|Any CPU
		{4C502DA2-7DC0-4EAF-9682-275CD9E3E5E6}.Release|x86.Build.0 = Release|Any CPU
	EndGlobalSection
EndGlobal
